
Microsoft Visual Studio Solution File, Format Version 12.00
# Visual Studio 15
VisualStudioVersion = 15.0.28307.1267
MinimumVisualStudioVersion = 10.0.40219.1
Project("{FAE04EC0-301F-11D3-BF4B-00C04F79EFBC}") = "FirstWebWithWCF", "FirstWebWithWCF\FirstWebWithWCF.csproj", "{05B1250B-904C-49CB-BE5E-62377C25A107}"
EndProject
Global
	GlobalSection(SolutionConfigurationPlatforms) = preSolution
		Debug|Any CPU = Debug|Any CPU
		Release|Any CPU = Release|Any CPU
	EndGlobalSection
	GlobalSection(ProjectConfigurationPlatforms) = postSolution
		{05B1250B-904C-49CB-BE5E-62377C25A107}.Debug|Any CPU.ActiveCfg = Debug|Any CPU
		{05B1250B-904C-49CB-BE5E-62377C25A107}.Debug|Any CPU.Build.0 = Debug|Any CPU
		{05B1250B-904C-49CB-BE5E-62377C25A107}.Release|Any CPU.ActiveCfg = Release|Any CPU
		{05B1250B-904C-49CB-BE5E-62377C25A107}.Release|Any CPU.Build.0 = Release|Any CPU
	EndGlobalSection
	GlobalSection(SolutionProperties) = preSolution
		HideSolutionNode = FALSE
	EndGlobalSection
	GlobalSection(ExtensibilityGlobals) = postSolution
		SolutionGuid = {C951AD34-B00F-408E-98A2-EB3B118ED272}
	EndGlobalSection
EndGlobal
